
Microsoft Visual Studio Solution File, Format Version 12.00
# Visual Studio Version 16
VisualStudioVersion = 16.0.30128.74
MinimumVisualStudioVersion = 10.0.40219.1
Project("{9A19103F-16F7-4668-BE54-9A1E7A4F7556}") = "IMS", "IMS\IMS.csproj", "{AD55F254-B528-4689-8FE4-99376A587DBE}"
EndProject
Project("{9A19103F-16F7-4668-BE54-9A1E7A4F7556}") = "UnitTestMSI", "MSI.UnitTest\UnitTestMSI.csproj", "{5B7C2832-763E-40D3-9B6E-E45D79686AEF}"
EndProject
Project("{9A19103F-16F7-4668-BE54-9A1E7A4F7556}") = "IMSRepository", "IMSRepository\IMSRepository.csproj", "{7025D29C-F268-4CFC-BB61-16B8613A9336}"
EndProject
Project("{FAE04EC0-301F-11D3-BF4B-00C04F79EFBC}") = "ReadEvens", "ReadEvens\ReadEvens.csproj", "{14667941-9659-4ED7-A8EA-E3D1BE845664}"
EndProject
Global
	GlobalSection(SolutionConfigurationPlatforms) = preSolution
		Debug|Any CPU = Debug|Any CPU
		Release|Any CPU = Release|Any CPU
	EndGlobalSection
	GlobalSection(ProjectConfigurationPlatforms) = postSolution
		{AD55F254-B528-4689-8FE4-99376A587DBE}.Debug|Any CPU.ActiveCfg = Debug|Any CPU
		{AD55F254-B528-4689-8FE4-99376A587DBE}.Debug|Any CPU.Build.0 = Debug|Any CPU
		{AD55F254-B528-4689-8FE4-99376A587DBE}.Release|Any CPU.ActiveCfg = Release|Any CPU
		{AD55F254-B528-4689-8FE4-99376A587DBE}.Release|Any CPU.Build.0 = Release|Any CPU
		{5B7C2832-763E-40D3-9B6E-E45D79686AEF}.Debug|Any CPU.ActiveCfg = Debug|Any CPU
		{5B7C2832-763E-40D3-9B6E-E45D79686AEF}.Debug|Any CPU.Build.0 = Debug|Any CPU
		{5B7C2832-763E-40D3-9B6E-E45D79686AEF}.Release|Any CPU.ActiveCfg = Release|Any CPU
		{5B7C2832-763E-40D3-9B6E-E45D79686AEF}.Release|Any CPU.Build.0 = Release|Any CPU
		{7025D29C-F268-4CFC-BB61-16B8613A9336}.Debug|Any CPU.ActiveCfg = Debug|Any CPU
		{7025D29C-F268-4CFC-BB61-16B8613A9336}.Debug|Any CPU.Build.0 = Debug|Any CPU
		{7025D29C-F268-4CFC-BB61-16B8613A9336}.Release|Any CPU.ActiveCfg = Release|Any CPU
		{7025D29C-F268-4CFC-BB61-16B8613A9336}.Release|Any CPU.Build.0 = Release|Any CPU
		{14667941-9659-4ED7-A8EA-E3D1BE845664}.Debug|Any CPU.ActiveCfg = Debug|Any CPU
		{14667941-9659-4ED7-A8EA-E3D1BE845664}.Debug|Any CPU.Build.0 = Debug|Any CPU
		{14667941-9659-4ED7-A8EA-E3D1BE845664}.Release|Any CPU.ActiveCfg = Release|Any CPU
		{14667941-9659-4ED7-A8EA-E3D1BE845664}.Release|Any CPU.Build.0 = Release|Any CPU
	EndGlobalSection
	GlobalSection(SolutionProperties) = preSolution
		HideSolutionNode = FALSE
	EndGlobalSection
	GlobalSection(ExtensibilityGlobals) = postSolution
		SolutionGuid = {471885FD-0392-45EC-87B9-2511FAE35888}
	EndGlobalSection
EndGlobal
